
Microsoft Visual Studio Solution File, Format Version 12.00
# Visual Studio Version 16
VisualStudioVersion = 16.0.31729.503
MinimumVisualStudioVersion = 10.0.40219.1
Project("{FAE04EC0-301F-11D3-BF4B-00C04F79EFBC}") = "CodeWars.Katas", "CodeWars.Katas\CodeWars.Katas.csproj", "{C9068491-1207-4A7E-A44A-98494C548DE1}"
EndProject
Project("{FAE04EC0-301F-11D3-BF4B-00C04F79EFBC}") = "CodeWars.Katas.Tests", "CodeWars.Katas.Tests\CodeWars.Katas.Tests.csproj", "{9E4C8DBC-EF1C-4C64-B77C-4DC423D4BA43}"
EndProject
Global
	GlobalSection(SolutionConfigurationPlatforms) = preSolution
		Debug|Any CPU = Debug|Any CPU
		Release|Any CPU = Release|Any CPU
	EndGlobalSection
	GlobalSection(ProjectConfigurationPlatforms) = postSolution
		{C9068491-1207-4A7E-A44A-98494C548DE1}.Debug|Any CPU.ActiveCfg = Debug|Any CPU
		{C9068491-1207-4A7E-A44A-98494C548DE1}.Debug|Any CPU.Build.0 = Debug|Any CPU
		{C9068491-1207-4A7E-A44A-98494C548DE1}.Release|Any CPU.ActiveCfg = Release|Any CPU
		{C9068491-1207-4A7E-A44A-98494C548DE1}.Release|Any CPU.Build.0 = Release|Any CPU
		{9E4C8DBC-EF1C-4C64-B77C-4DC423D4BA43}.Debug|Any CPU.ActiveCfg = Debug|Any CPU
		{9E4C8DBC-EF1C-4C64-B77C-4DC423D4BA43}.Debug|Any CPU.Build.0 = Debug|Any CPU
		{9E4C8DBC-EF1C-4C64-B77C-4DC423D4BA43}.Release|Any CPU.ActiveCfg = Release|Any CPU
		{9E4C8DBC-EF1C-4C64-B77C-4DC423D4BA43}.Release|Any CPU.Build.0 = Release|Any CPU
	EndGlobalSection
	GlobalSection(SolutionProperties) = preSolution
		HideSolutionNode = FALSE
	EndGlobalSection
	GlobalSection(ExtensibilityGlobals) = postSolution
		SolutionGuid = {DFD857B5-2392-471F-AD8E-6BA52007977B}
	EndGlobalSection
EndGlobal
