Microsoft Visual Studio Solution File, Format Version 12.00
# Visual Studio 14
VisualStudioVersion = 14.0.25420.1
MinimumVisualStudioVersion = 10.0.40219.1
Project("{FAE04EC0-301F-11D3-BF4B-00C04F79EFBC}") = "TakeANumberAndSumItsDigitsRaisedToconsecutivePowers", "TakeANumberAndSumItsDigitsRTCP\Solution\TakeANumberAndSumItsDigitsRaisedToconsecutivePowers.csproj", "{AFAEE59B-BAAF-49BF-9F17-CFADBB090385}"
EndProject
Project("{FAE04EC0-301F-11D3-BF4B-00C04F79EFBC}") = "N_TakeANumberAndSumItsDigitsRaisedToconsecutivePowers", "TakeANumberAndSumItsDigitsRTCP\Tests\N_TakeANumberAndSumItsDigitsRaisedToconsecutivePowers.csproj", "{067456C0-086C-46A8-B37F-1405717B7BFC}"
EndProject
Project("{2150E333-8FDC-42A3-9474-1A3956D46DE8}") = "TakeANumberAndSumDRTCP", "TakeANumberAndSumDRTCP", "{EF804361-916F-40F4-82BC-B16BA0B2CB58}"
EndProject
Project("{2150E333-8FDC-42A3-9474-1A3956D46DE8}") = "RomanNums", "RomanNums", "{F07AA2D9-A494-4B1D-BDAD-460FFC86A477}"
EndProject
Project("{FAE04EC0-301F-11D3-BF4B-00C04F79EFBC}") = "N_RomanNumerals", "RomanNumerals\N_RomanNumerals\N_RomanNumerals.csproj", "{39657469-C02F-4A7B-8B3A-B3B58711865B}"
EndProject
Project("{FAE04EC0-301F-11D3-BF4B-00C04F79EFBC}") = "RomanNumerals", "RomanNumerals\RomanNumerals\RomanNumerals.csproj", "{C6FE9AA8-A9DB-4CC9-AA1B-FDBA0BA86464}"
EndProject
Project("{2150E333-8FDC-42A3-9474-1A3956D46DE8}") = "MorseCode1", "MorseCode1", "{39693158-4A44-4953-8280-9FD25D8E5F48}"
EndProject
Project("{FAE04EC0-301F-11D3-BF4B-00C04F79EFBC}") = "DecodeTheMorseCode", "DecodeTheMorseCode\DecodeTheMorseCode\DecodeTheMorseCode.csproj", "{631903C7-DCC4-4453-8295-36E314E06433}"
EndProject
Project("{FAE04EC0-301F-11D3-BF4B-00C04F79EFBC}") = "N_DecodeTheMorseCode", "DecodeTheMorseCode\N_DecodeTheMorseCode\N_DecodeTheMorseCode.csproj", "{CBB284E9-C546-4CB6-AB91-49BEC7F8AFBA}"
EndProject
Project("{2150E333-8FDC-42A3-9474-1A3956D46DE8}") = "TwiceLinear", "TwiceLinear", "{F0654860-22F6-4CC8-9EB6-77BF0DA89662}"
EndProject
Project("{FAE04EC0-301F-11D3-BF4B-00C04F79EFBC}") = "TwiceLinear", "TwiceLinear\TwiceLinear\TwiceLinear.csproj", "{C0B8117A-CE39-4372-A83F-24AE16307485}"
EndProject
Project("{FAE04EC0-301F-11D3-BF4B-00C04F79EFBC}") = "N_TwiceLinear", "TwiceLinear\N_TwiceLinear\N_TwiceLinear.csproj", "{12221771-B56C-42A4-AB4D-A6E00604A03D}"
EndProject
Project("{2150E333-8FDC-42A3-9474-1A3956D46DE8}") = "Solutions", "Solutions", "{28BE73BF-5DC4-45D4-9AE0-93FCA54B325E}"
EndProject
Project("{2150E333-8FDC-42A3-9474-1A3956D46DE8}") = "Tools", "Tools", "{327D032D-ED1F-4F15-B530-84202A0C55B6}"
EndProject
Project("{2150E333-8FDC-42A3-9474-1A3956D46DE8}") = "NumberTheory", "NumberTheory", "{4A2FB2CB-E2B7-45DE-AF52-24E5B6CA2398}"
EndProject
Project("{FAE04EC0-301F-11D3-BF4B-00C04F79EFBC}") = "NumberTheory", "Tools\PrimeNumbers\NumberTheory.csproj", "{3BA90219-97EB-44B6-AFA6-BB25E0FEA0CA}"
EndProject
Project("{FAE04EC0-301F-11D3-BF4B-00C04F79EFBC}") = "N_NumberTheory", "Tools\N_PrimeNumbers\N_NumberTheory.csproj", "{EEA24EEB-0488-4B31-B414-872B680A097F}"
EndProject
Project("{2150E333-8FDC-42A3-9474-1A3956D46DE8}") = "KPrimes", "KPrimes", "{1A3BEEB5-0013-4976-9421-C3C9FBC82A8A}"
EndProject
Project("{FAE04EC0-301F-11D3-BF4B-00C04F79EFBC}") = "KPrimes", "KPrimes\KPrimes\KPrimes.csproj", "{41453262-8B04-44C9-BE49-AF822810659F}"
EndProject
Project("{FAE04EC0-301F-11D3-BF4B-00C04F79EFBC}") = "N_KPrimes", "KPrimes\N_KPrimes\N_KPrimes.csproj", "{C5AD2007-4EB6-41BA-A6C3-61145F5AC792}"
EndProject
Project("{2150E333-8FDC-42A3-9474-1A3956D46DE8}") = "PrimesInNumbers", "PrimesInNumbers", "{194601E8-055E-4F01-8F7D-E677ACEA8C32}"
EndProject
Project("{FAE04EC0-301F-11D3-BF4B-00C04F79EFBC}") = "PrimesInNumbers", "PrimesInNumbers\PrimesInNumbers\PrimesInNumbers.csproj", "{C43333A6-A4FD-4DF7-BAA4-937C93D66CB3}"
EndProject
Project("{FAE04EC0-301F-11D3-BF4B-00C04F79EFBC}") = "N_PrimesInNumbers", "PrimesInNumbers\N_PrimesInNumbers\N_PrimesInNumbers.csproj", "{B53925CE-7A50-4E9B-9454-FE8B03BB9E76}"
EndProject
Project("{FAE04EC0-301F-11D3-BF4B-00C04F79EFBC}") = "ConsecutiveKPrimes", "ConsecutiveKPrimes\ConsecutiveKPrimes\ConsecutiveKPrimes.csproj", "{C95A6495-5F12-437F-84E1-928BF9BD726D}"
EndProject
Project("{2150E333-8FDC-42A3-9474-1A3956D46DE8}") = "ConsecutiveKPrimes", "ConsecutiveKPrimes", "{E23F16BE-3546-4B42-BA94-2415CB1E754D}"
EndProject
Project("{FAE04EC0-301F-11D3-BF4B-00C04F79EFBC}") = "NConsecutiveKPrimes", "ConsecutiveKPrimes\NConsecutiveKPrimes\NConsecutiveKPrimes.csproj", "{08FE619C-DE11-4EC7-9846-7195906C3C75}"
EndProject
Global
	GlobalSection(SolutionConfigurationPlatforms) = preSolution
		Debug|Any CPU = Debug|Any CPU
		Release|Any CPU = Release|Any CPU
	EndGlobalSection
	GlobalSection(ProjectConfigurationPlatforms) = postSolution
		{AFAEE59B-BAAF-49BF-9F17-CFADBB090385}.Debug|Any CPU.ActiveCfg = Debug|Any CPU
		{AFAEE59B-BAAF-49BF-9F17-CFADBB090385}.Debug|Any CPU.Build.0 = Debug|Any CPU
		{AFAEE59B-BAAF-49BF-9F17-CFADBB090385}.Release|Any CPU.ActiveCfg = Release|Any CPU
		{AFAEE59B-BAAF-49BF-9F17-CFADBB090385}.Release|Any CPU.Build.0 = Release|Any CPU
		{067456C0-086C-46A8-B37F-1405717B7BFC}.Debug|Any CPU.ActiveCfg = Debug|Any CPU
		{067456C0-086C-46A8-B37F-1405717B7BFC}.Debug|Any CPU.Build.0 = Debug|Any CPU
		{067456C0-086C-46A8-B37F-1405717B7BFC}.Release|Any CPU.ActiveCfg = Release|Any CPU
		{067456C0-086C-46A8-B37F-1405717B7BFC}.Release|Any CPU.Build.0 = Release|Any CPU
		{39657469-C02F-4A7B-8B3A-B3B58711865B}.Debug|Any CPU.ActiveCfg = Debug|Any CPU
		{39657469-C02F-4A7B-8B3A-B3B58711865B}.Debug|Any CPU.Build.0 = Debug|Any CPU
		{39657469-C02F-4A7B-8B3A-B3B58711865B}.Release|Any CPU.ActiveCfg = Release|Any CPU
		{39657469-C02F-4A7B-8B3A-B3B58711865B}.Release|Any CPU.Build.0 = Release|Any CPU
		{C6FE9AA8-A9DB-4CC9-AA1B-FDBA0BA86464}.Debug|Any CPU.ActiveCfg = Debug|Any CPU
		{C6FE9AA8-A9DB-4CC9-AA1B-FDBA0BA86464}.Debug|Any CPU.Build.0 = Debug|Any CPU
		{C6FE9AA8-A9DB-4CC9-AA1B-FDBA0BA86464}.Release|Any CPU.ActiveCfg = Release|Any CPU
		{C6FE9AA8-A9DB-4CC9-AA1B-FDBA0BA86464}.Release|Any CPU.Build.0 = Release|Any CPU
		{631903C7-DCC4-4453-8295-36E314E06433}.Debug|Any CPU.ActiveCfg = Debug|Any CPU
		{631903C7-DCC4-4453-8295-36E314E06433}.Debug|Any CPU.Build.0 = Debug|Any CPU
		{631903C7-DCC4-4453-8295-36E314E06433}.Release|Any CPU.ActiveCfg = Release|Any CPU
		{631903C7-DCC4-4453-8295-36E314E06433}.Release|Any CPU.Build.0 = Release|Any CPU
		{CBB284E9-C546-4CB6-AB91-49BEC7F8AFBA}.Debug|Any CPU.ActiveCfg = Debug|Any CPU
		{CBB284E9-C546-4CB6-AB91-49BEC7F8AFBA}.Debug|Any CPU.Build.0 = Debug|Any CPU
		{CBB284E9-C546-4CB6-AB91-49BEC7F8AFBA}.Release|Any CPU.ActiveCfg = Release|Any CPU
		{CBB284E9-C546-4CB6-AB91-49BEC7F8AFBA}.Release|Any CPU.Build.0 = Release|Any CPU
		{C0B8117A-CE39-4372-A83F-24AE16307485}.Debug|Any CPU.ActiveCfg = Debug|Any CPU
		{C0B8117A-CE39-4372-A83F-24AE16307485}.Debug|Any CPU.Build.0 = Debug|Any CPU
		{C0B8117A-CE39-4372-A83F-24AE16307485}.Release|Any CPU.ActiveCfg = Release|Any CPU
		{C0B8117A-CE39-4372-A83F-24AE16307485}.Release|Any CPU.Build.0 = Release|Any CPU
		{12221771-B56C-42A4-AB4D-A6E00604A03D}.Debug|Any CPU.ActiveCfg = Debug|Any CPU
		{12221771-B56C-42A4-AB4D-A6E00604A03D}.Debug|Any CPU.Build.0 = Debug|Any CPU
		{12221771-B56C-42A4-AB4D-A6E00604A03D}.Release|Any CPU.ActiveCfg = Release|Any CPU
		{12221771-B56C-42A4-AB4D-A6E00604A03D}.Release|Any CPU.Build.0 = Release|Any CPU
		{3BA90219-97EB-44B6-AFA6-BB25E0FEA0CA}.Debug|Any CPU.ActiveCfg = Debug|Any CPU
		{3BA90219-97EB-44B6-AFA6-BB25E0FEA0CA}.Debug|Any CPU.Build.0 = Debug|Any CPU
		{3BA90219-97EB-44B6-AFA6-BB25E0FEA0CA}.Release|Any CPU.ActiveCfg = Release|Any CPU
		{3BA90219-97EB-44B6-AFA6-BB25E0FEA0CA}.Release|Any CPU.Build.0 = Release|Any CPU
		{EEA24EEB-0488-4B31-B414-872B680A097F}.Debug|Any CPU.ActiveCfg = Debug|Any CPU
		{EEA24EEB-0488-4B31-B414-872B680A097F}.Debug|Any CPU.Build.0 = Debug|Any CPU
		{EEA24EEB-0488-4B31-B414-872B680A097F}.Release|Any CPU.ActiveCfg = Release|Any CPU
		{EEA24EEB-0488-4B31-B414-872B680A097F}.Release|Any CPU.Build.0 = Release|Any CPU
		{41453262-8B04-44C9-BE49-AF822810659F}.Debug|Any CPU.ActiveCfg = Debug|Any CPU
		{41453262-8B04-44C9-BE49-AF822810659F}.Debug|Any CPU.Build.0 = Debug|Any CPU
		{41453262-8B04-44C9-BE49-AF822810659F}.Release|Any CPU.ActiveCfg = Release|Any CPU
		{41453262-8B04-44C9-BE49-AF822810659F}.Release|Any CPU.Build.0 = Release|Any CPU
		{C5AD2007-4EB6-41BA-A6C3-61145F5AC792}.Debug|Any CPU.ActiveCfg = Debug|Any CPU
		{C5AD2007-4EB6-41BA-A6C3-61145F5AC792}.Debug|Any CPU.Build.0 = Debug|Any CPU
		{C5AD2007-4EB6-41BA-A6C3-61145F5AC792}.Release|Any CPU.ActiveCfg = Release|Any CPU
		{C5AD2007-4EB6-41BA-A6C3-61145F5AC792}.Release|Any CPU.Build.0 = Release|Any CPU
		{C43333A6-A4FD-4DF7-BAA4-937C93D66CB3}.Debug|Any CPU.ActiveCfg = Debug|Any CPU
		{C43333A6-A4FD-4DF7-BAA4-937C93D66CB3}.Debug|Any CPU.Build.0 = Debug|Any CPU
		{C43333A6-A4FD-4DF7-BAA4-937C93D66CB3}.Release|Any CPU.ActiveCfg = Release|Any CPU
		{C43333A6-A4FD-4DF7-BAA4-937C93D66CB3}.Release|Any CPU.Build.0 = Release|Any CPU
		{B53925CE-7A50-4E9B-9454-FE8B03BB9E76}.Debug|Any CPU.ActiveCfg = Debug|Any CPU
		{B53925CE-7A50-4E9B-9454-FE8B03BB9E76}.Debug|Any CPU.Build.0 = Debug|Any CPU
		{B53925CE-7A50-4E9B-9454-FE8B03BB9E76}.Release|Any CPU.ActiveCfg = Release|Any CPU
		{B53925CE-7A50-4E9B-9454-FE8B03BB9E76}.Release|Any CPU.Build.0 = Release|Any CPU
		{C95A6495-5F12-437F-84E1-928BF9BD726D}.Debug|Any CPU.ActiveCfg = Debug|Any CPU
		{C95A6495-5F12-437F-84E1-928BF9BD726D}.Debug|Any CPU.Build.0 = Debug|Any CPU
		{C95A6495-5F12-437F-84E1-928BF9BD726D}.Release|Any CPU.ActiveCfg = Release|Any CPU
		{C95A6495-5F12-437F-84E1-928BF9BD726D}.Release|Any CPU.Build.0 = Release|Any CPU
		{08FE619C-DE11-4EC7-9846-7195906C3C75}.Debug|Any CPU.ActiveCfg = Debug|Any CPU
		{08FE619C-DE11-4EC7-9846-7195906C3C75}.Debug|Any CPU.Build.0 = Debug|Any CPU
		{08FE619C-DE11-4EC7-9846-7195906C3C75}.Release|Any CPU.ActiveCfg = Release|Any CPU
		{08FE619C-DE11-4EC7-9846-7195906C3C75}.Release|Any CPU.Build.0 = Release|Any CPU
	EndGlobalSection
	GlobalSection(SolutionProperties) = preSolution
		HideSolutionNode = FALSE
	EndGlobalSection
	GlobalSection(NestedProjects) = preSolution
		{AFAEE59B-BAAF-49BF-9F17-CFADBB090385} = {EF804361-916F-40F4-82BC-B16BA0B2CB58}
		{067456C0-086C-46A8-B37F-1405717B7BFC} = {EF804361-916F-40F4-82BC-B16BA0B2CB58}
		{EF804361-916F-40F4-82BC-B16BA0B2CB58} = {28BE73BF-5DC4-45D4-9AE0-93FCA54B325E}
		{F07AA2D9-A494-4B1D-BDAD-460FFC86A477} = {28BE73BF-5DC4-45D4-9AE0-93FCA54B325E}
		{39657469-C02F-4A7B-8B3A-B3B58711865B} = {F07AA2D9-A494-4B1D-BDAD-460FFC86A477}
		{C6FE9AA8-A9DB-4CC9-AA1B-FDBA0BA86464} = {F07AA2D9-A494-4B1D-BDAD-460FFC86A477}
		{39693158-4A44-4953-8280-9FD25D8E5F48} = {28BE73BF-5DC4-45D4-9AE0-93FCA54B325E}
		{631903C7-DCC4-4453-8295-36E314E06433} = {39693158-4A44-4953-8280-9FD25D8E5F48}
		{CBB284E9-C546-4CB6-AB91-49BEC7F8AFBA} = {39693158-4A44-4953-8280-9FD25D8E5F48}
		{F0654860-22F6-4CC8-9EB6-77BF0DA89662} = {28BE73BF-5DC4-45D4-9AE0-93FCA54B325E}
		{C0B8117A-CE39-4372-A83F-24AE16307485} = {F0654860-22F6-4CC8-9EB6-77BF0DA89662}
		{12221771-B56C-42A4-AB4D-A6E00604A03D} = {F0654860-22F6-4CC8-9EB6-77BF0DA89662}
		{4A2FB2CB-E2B7-45DE-AF52-24E5B6CA2398} = {327D032D-ED1F-4F15-B530-84202A0C55B6}
		{3BA90219-97EB-44B6-AFA6-BB25E0FEA0CA} = {4A2FB2CB-E2B7-45DE-AF52-24E5B6CA2398}
		{EEA24EEB-0488-4B31-B414-872B680A097F} = {4A2FB2CB-E2B7-45DE-AF52-24E5B6CA2398}
		{1A3BEEB5-0013-4976-9421-C3C9FBC82A8A} = {28BE73BF-5DC4-45D4-9AE0-93FCA54B325E}
		{41453262-8B04-44C9-BE49-AF822810659F} = {1A3BEEB5-0013-4976-9421-C3C9FBC82A8A}
		{C5AD2007-4EB6-41BA-A6C3-61145F5AC792} = {1A3BEEB5-0013-4976-9421-C3C9FBC82A8A}
		{194601E8-055E-4F01-8F7D-E677ACEA8C32} = {28BE73BF-5DC4-45D4-9AE0-93FCA54B325E}
		{C43333A6-A4FD-4DF7-BAA4-937C93D66CB3} = {194601E8-055E-4F01-8F7D-E677ACEA8C32}
		{B53925CE-7A50-4E9B-9454-FE8B03BB9E76} = {194601E8-055E-4F01-8F7D-E677ACEA8C32}
		{C95A6495-5F12-437F-84E1-928BF9BD726D} = {E23F16BE-3546-4B42-BA94-2415CB1E754D}
		{E23F16BE-3546-4B42-BA94-2415CB1E754D} = {28BE73BF-5DC4-45D4-9AE0-93FCA54B325E}
		{08FE619C-DE11-4EC7-9846-7195906C3C75} = {E23F16BE-3546-4B42-BA94-2415CB1E754D}
	EndGlobalSection
EndGlobal
