
Microsoft Visual Studio Solution File, Format Version 12.00
# Visual Studio Version 16
VisualStudioVersion = 16.0.31729.503
MinimumVisualStudioVersion = 10.0.40219.1
Project("{FAE04EC0-301F-11D3-BF4B-00C04F79EFBC}") = "CodeWars.Solutions", "CodeWars.Solutions\CodeWars.Solutions.csproj", "{864EA54D-6A55-4C21-8886-448CA00E2BC2}"
EndProject
Project("{FAE04EC0-301F-11D3-BF4B-00C04F79EFBC}") = "CodeWars.Solutions.Tests", "CodeWars.Solutions.Tests\CodeWars.Solutions.Tests.csproj", "{27342003-9CDB-4D80-8F7A-7CCE36445E89}"
EndProject
Global
	GlobalSection(SolutionConfigurationPlatforms) = preSolution
		Debug|Any CPU = Debug|Any CPU
		Release|Any CPU = Release|Any CPU
	EndGlobalSection
	GlobalSection(ProjectConfigurationPlatforms) = postSolution
		{864EA54D-6A55-4C21-8886-448CA00E2BC2}.Debug|Any CPU.ActiveCfg = Debug|Any CPU
		{864EA54D-6A55-4C21-8886-448CA00E2BC2}.Debug|Any CPU.Build.0 = Debug|Any CPU
		{864EA54D-6A55-4C21-8886-448CA00E2BC2}.Release|Any CPU.ActiveCfg = Release|Any CPU
		{864EA54D-6A55-4C21-8886-448CA00E2BC2}.Release|Any CPU.Build.0 = Release|Any CPU
		{27342003-9CDB-4D80-8F7A-7CCE36445E89}.Debug|Any CPU.ActiveCfg = Debug|Any CPU
		{27342003-9CDB-4D80-8F7A-7CCE36445E89}.Debug|Any CPU.Build.0 = Debug|Any CPU
		{27342003-9CDB-4D80-8F7A-7CCE36445E89}.Release|Any CPU.ActiveCfg = Release|Any CPU
		{27342003-9CDB-4D80-8F7A-7CCE36445E89}.Release|Any CPU.Build.0 = Release|Any CPU
	EndGlobalSection
	GlobalSection(SolutionProperties) = preSolution
		HideSolutionNode = FALSE
	EndGlobalSection
	GlobalSection(ExtensibilityGlobals) = postSolution
		SolutionGuid = {F925F8D3-9DEE-43FB-B9B5-D9354F34B68C}
	EndGlobalSection
EndGlobal
